# This file is autogenerated, do not edit; changes may be undone by the next 'dep ensure'.


[[projects]]
  name = "github.com/logrusorgru/aurora"
  packages = ["."]
  revision = "21d75270181e0436fee7bd58b991c212cf309068"
  version = "v1.1"

[solve-meta]
  analyzer-name = "dep"
  analyzer-version = 1
  inputs-digest = "78377f474d5adbfc14847a36b0b14e15b87e70c36237cdc8e865d68745ba4634"
  solver-name = "gps-cdcl"
  solver-version = 1
